
Microsoft Visual Studio Solution File, Format Version 12.00
# Visual Studio Version 17
VisualStudioVersion = 17.7.33808.371
MinimumVisualStudioVersion = 10.0.40219.1
Project("{FAE04EC0-301F-11D3-BF4B-00C04F79EFBC}") = "TDDBank", "TDDBank\TDDBank.csproj", "{9C929AAE-8436-48BF-9BC2-14F53B1E9971}"
EndProject
Project("{FAE04EC0-301F-11D3-BF4B-00C04F79EFBC}") = "TDDBank.Tests", "TDDBank.Tests\TDDBank.Tests.csproj", "{DFD57648-86F2-4DE9-A10F-3D0EFB656D71}"
EndProject
Global
	GlobalSection(SolutionConfigurationPlatforms) = preSolution
		Debug|Any CPU = Debug|Any CPU
		Release|Any CPU = Release|Any CPU
	EndGlobalSection
	GlobalSection(ProjectConfigurationPlatforms) = postSolution
		{9C929AAE-8436-48BF-9BC2-14F53B1E9971}.Debug|Any CPU.ActiveCfg = Debug|Any CPU
		{9C929AAE-8436-48BF-9BC2-14F53B1E9971}.Debug|Any CPU.Build.0 = Debug|Any CPU
		{9C929AAE-8436-48BF-9BC2-14F53B1E9971}.Release|Any CPU.ActiveCfg = Release|Any CPU
		{9C929AAE-8436-48BF-9BC2-14F53B1E9971}.Release|Any CPU.Build.0 = Release|Any CPU
		{DFD57648-86F2-4DE9-A10F-3D0EFB656D71}.Debug|Any CPU.ActiveCfg = Debug|Any CPU
		{DFD57648-86F2-4DE9-A10F-3D0EFB656D71}.Debug|Any CPU.Build.0 = Debug|Any CPU
		{DFD57648-86F2-4DE9-A10F-3D0EFB656D71}.Release|Any CPU.ActiveCfg = Release|Any CPU
		{DFD57648-86F2-4DE9-A10F-3D0EFB656D71}.Release|Any CPU.Build.0 = Release|Any CPU
	EndGlobalSection
	GlobalSection(SolutionProperties) = preSolution
		HideSolutionNode = FALSE
	EndGlobalSection
	GlobalSection(ExtensibilityGlobals) = postSolution
		SolutionGuid = {A101F926-D549-4BB1-924F-A129992D9928}
	EndGlobalSection
EndGlobal
