
Microsoft Visual Studio Solution File, Format Version 12.00
# Visual Studio Version 17
VisualStudioVersion = 17.7.33808.371
MinimumVisualStudioVersion = 10.0.40219.1
Project("{9A19103F-16F7-4668-BE54-9A1E7A4F7556}") = "Calculator", "Calculator\Calculator.csproj", "{04E1C8F9-93A3-4C1B-9796-6F6666CBAE0B}"
EndProject
Project("{FAE04EC0-301F-11D3-BF4B-00C04F79EFBC}") = "Calculator.Tests", "Calculator.Tests\Calculator.Tests.csproj", "{B9E3E767-A130-4B51-B40B-F56C0B84BA1A}"
EndProject
Global
	GlobalSection(SolutionConfigurationPlatforms) = preSolution
		Debug|Any CPU = Debug|Any CPU
		Release|Any CPU = Release|Any CPU
	EndGlobalSection
	GlobalSection(ProjectConfigurationPlatforms) = postSolution
		{04E1C8F9-93A3-4C1B-9796-6F6666CBAE0B}.Debug|Any CPU.ActiveCfg = Debug|Any CPU
		{04E1C8F9-93A3-4C1B-9796-6F6666CBAE0B}.Debug|Any CPU.Build.0 = Debug|Any CPU
		{04E1C8F9-93A3-4C1B-9796-6F6666CBAE0B}.Release|Any CPU.ActiveCfg = Release|Any CPU
		{04E1C8F9-93A3-4C1B-9796-6F6666CBAE0B}.Release|Any CPU.Build.0 = Release|Any CPU
		{B9E3E767-A130-4B51-B40B-F56C0B84BA1A}.Debug|Any CPU.ActiveCfg = Debug|Any CPU
		{B9E3E767-A130-4B51-B40B-F56C0B84BA1A}.Debug|Any CPU.Build.0 = Debug|Any CPU
		{B9E3E767-A130-4B51-B40B-F56C0B84BA1A}.Release|Any CPU.ActiveCfg = Release|Any CPU
		{B9E3E767-A130-4B51-B40B-F56C0B84BA1A}.Release|Any CPU.Build.0 = Release|Any CPU
	EndGlobalSection
	GlobalSection(SolutionProperties) = preSolution
		HideSolutionNode = FALSE
	EndGlobalSection
	GlobalSection(ExtensibilityGlobals) = postSolution
		SolutionGuid = {399957F6-4EBD-4B5F-93DC-8082F3BE2CF9}
	EndGlobalSection
EndGlobal
