
Microsoft Visual Studio Solution File, Format Version 12.00
# Visual Studio Version 17
VisualStudioVersion = 17.7.33808.371
MinimumVisualStudioVersion = 10.0.40219.1
Project("{FAE04EC0-301F-11D3-BF4B-00C04F79EFBC}") = "ppedv.BerlinBytes.Model", "ppedv.BerlinBytes.Model\ppedv.BerlinBytes.Model.csproj", "{39E2589C-D5B6-4354-8B4C-9B1622531F15}"
EndProject
Project("{FAE04EC0-301F-11D3-BF4B-00C04F79EFBC}") = "ppedv.BerlinBytes.Data.Db", "ppedv.BerlinBytes.Data.Db\ppedv.BerlinBytes.Data.Db.csproj", "{78593495-ADDF-430D-96A0-4682523941C5}"
EndProject
Project("{FAE04EC0-301F-11D3-BF4B-00C04F79EFBC}") = "ppedv.BerlinBytes.Data.Db.Tests", "ppedv.BerlinBytes.Data.Db.Tests\ppedv.BerlinBytes.Data.Db.Tests.csproj", "{D5CD4411-90F4-49CF-9A40-47A5B551BCB1}"
EndProject
Global
	GlobalSection(SolutionConfigurationPlatforms) = preSolution
		Debug|Any CPU = Debug|Any CPU
		Release|Any CPU = Release|Any CPU
	EndGlobalSection
	GlobalSection(ProjectConfigurationPlatforms) = postSolution
		{39E2589C-D5B6-4354-8B4C-9B1622531F15}.Debug|Any CPU.ActiveCfg = Debug|Any CPU
		{39E2589C-D5B6-4354-8B4C-9B1622531F15}.Debug|Any CPU.Build.0 = Debug|Any CPU
		{39E2589C-D5B6-4354-8B4C-9B1622531F15}.Release|Any CPU.ActiveCfg = Release|Any CPU
		{39E2589C-D5B6-4354-8B4C-9B1622531F15}.Release|Any CPU.Build.0 = Release|Any CPU
		{78593495-ADDF-430D-96A0-4682523941C5}.Debug|Any CPU.ActiveCfg = Debug|Any CPU
		{78593495-ADDF-430D-96A0-4682523941C5}.Debug|Any CPU.Build.0 = Debug|Any CPU
		{78593495-ADDF-430D-96A0-4682523941C5}.Release|Any CPU.ActiveCfg = Release|Any CPU
		{78593495-ADDF-430D-96A0-4682523941C5}.Release|Any CPU.Build.0 = Release|Any CPU
		{D5CD4411-90F4-49CF-9A40-47A5B551BCB1}.Debug|Any CPU.ActiveCfg = Debug|Any CPU
		{D5CD4411-90F4-49CF-9A40-47A5B551BCB1}.Debug|Any CPU.Build.0 = Debug|Any CPU
		{D5CD4411-90F4-49CF-9A40-47A5B551BCB1}.Release|Any CPU.ActiveCfg = Release|Any CPU
		{D5CD4411-90F4-49CF-9A40-47A5B551BCB1}.Release|Any CPU.Build.0 = Release|Any CPU
	EndGlobalSection
	GlobalSection(SolutionProperties) = preSolution
		HideSolutionNode = FALSE
	EndGlobalSection
	GlobalSection(ExtensibilityGlobals) = postSolution
		SolutionGuid = {E6479AB4-F100-46E5-9E38-0BACA879A964}
	EndGlobalSection
EndGlobal
