
Microsoft Visual Studio Solution File, Format Version 12.00
# Visual Studio Version 17
VisualStudioVersion = 17.7.33808.371
MinimumVisualStudioVersion = 10.0.40219.1
Project("{9A19103F-16F7-4668-BE54-9A1E7A4F7556}") = "ppedv.BerlinBytes.Model", "ppedv.BerlinBytes.Model\ppedv.BerlinBytes.Model.csproj", "{39E2589C-D5B6-4354-8B4C-9B1622531F15}"
EndProject
Project("{9A19103F-16F7-4668-BE54-9A1E7A4F7556}") = "ppedv.BerlinBytes.Data.Db", "ppedv.BerlinBytes.Data.Db\ppedv.BerlinBytes.Data.Db.csproj", "{78593495-ADDF-430D-96A0-4682523941C5}"
EndProject
Project("{9A19103F-16F7-4668-BE54-9A1E7A4F7556}") = "ppedv.BerlinBytes.Data.Db.Tests", "ppedv.BerlinBytes.Data.Db.Tests\ppedv.BerlinBytes.Data.Db.Tests.csproj", "{D5CD4411-90F4-49CF-9A40-47A5B551BCB1}"
EndProject
Project("{9A19103F-16F7-4668-BE54-9A1E7A4F7556}") = "ppedv.BerlinBytes.Logic.Core", "ppedv.BerlinBytes.Logic.Core\ppedv.BerlinBytes.Logic.Core.csproj", "{0AF30D51-D317-4330-A8EE-5E4B602D7D1C}"
EndProject
Project("{9A19103F-16F7-4668-BE54-9A1E7A4F7556}") = "ppedv.BerlinBytes.UI.DevConsole", "ppedv.BerlinBytes.UI.DevConsole\ppedv.BerlinBytes.UI.DevConsole.csproj", "{D6859358-6B34-4FE6-AD46-2FDC4483E558}"
EndProject
Project("{9A19103F-16F7-4668-BE54-9A1E7A4F7556}") = "ppedv.BerlinBytes.Logic.Core.Tests", "ppedv.BerlinBytes.Logic.Core.Tests\ppedv.BerlinBytes.Logic.Core.Tests.csproj", "{20EBA0F1-C1BC-41BB-AAF5-1C9778111181}"
EndProject
Project("{FAE04EC0-301F-11D3-BF4B-00C04F79EFBC}") = "ppedv.BerlinBytes.UI.Desktop", "ppedv.BerlinBytes.UI.Desktop\ppedv.BerlinBytes.UI.Desktop.csproj", "{06F3AB64-0640-4DDA-921E-97F2AEED2126}"
EndProject
Global
	GlobalSection(SolutionConfigurationPlatforms) = preSolution
		Debug|Any CPU = Debug|Any CPU
		Release|Any CPU = Release|Any CPU
	EndGlobalSection
	GlobalSection(ProjectConfigurationPlatforms) = postSolution
		{39E2589C-D5B6-4354-8B4C-9B1622531F15}.Debug|Any CPU.ActiveCfg = Debug|Any CPU
		{39E2589C-D5B6-4354-8B4C-9B1622531F15}.Debug|Any CPU.Build.0 = Debug|Any CPU
		{39E2589C-D5B6-4354-8B4C-9B1622531F15}.Release|Any CPU.ActiveCfg = Release|Any CPU
		{39E2589C-D5B6-4354-8B4C-9B1622531F15}.Release|Any CPU.Build.0 = Release|Any CPU
		{78593495-ADDF-430D-96A0-4682523941C5}.Debug|Any CPU.ActiveCfg = Debug|Any CPU
		{78593495-ADDF-430D-96A0-4682523941C5}.Debug|Any CPU.Build.0 = Debug|Any CPU
		{78593495-ADDF-430D-96A0-4682523941C5}.Release|Any CPU.ActiveCfg = Release|Any CPU
		{78593495-ADDF-430D-96A0-4682523941C5}.Release|Any CPU.Build.0 = Release|Any CPU
		{D5CD4411-90F4-49CF-9A40-47A5B551BCB1}.Debug|Any CPU.ActiveCfg = Debug|Any CPU
		{D5CD4411-90F4-49CF-9A40-47A5B551BCB1}.Debug|Any CPU.Build.0 = Debug|Any CPU
		{D5CD4411-90F4-49CF-9A40-47A5B551BCB1}.Release|Any CPU.ActiveCfg = Release|Any CPU
		{D5CD4411-90F4-49CF-9A40-47A5B551BCB1}.Release|Any CPU.Build.0 = Release|Any CPU
		{0AF30D51-D317-4330-A8EE-5E4B602D7D1C}.Debug|Any CPU.ActiveCfg = Debug|Any CPU
		{0AF30D51-D317-4330-A8EE-5E4B602D7D1C}.Debug|Any CPU.Build.0 = Debug|Any CPU
		{0AF30D51-D317-4330-A8EE-5E4B602D7D1C}.Release|Any CPU.ActiveCfg = Release|Any CPU
		{0AF30D51-D317-4330-A8EE-5E4B602D7D1C}.Release|Any CPU.Build.0 = Release|Any CPU
		{D6859358-6B34-4FE6-AD46-2FDC4483E558}.Debug|Any CPU.ActiveCfg = Debug|Any CPU
		{D6859358-6B34-4FE6-AD46-2FDC4483E558}.Debug|Any CPU.Build.0 = Debug|Any CPU
		{D6859358-6B34-4FE6-AD46-2FDC4483E558}.Release|Any CPU.ActiveCfg = Release|Any CPU
		{D6859358-6B34-4FE6-AD46-2FDC4483E558}.Release|Any CPU.Build.0 = Release|Any CPU
		{20EBA0F1-C1BC-41BB-AAF5-1C9778111181}.Debug|Any CPU.ActiveCfg = Debug|Any CPU
		{20EBA0F1-C1BC-41BB-AAF5-1C9778111181}.Debug|Any CPU.Build.0 = Debug|Any CPU
		{20EBA0F1-C1BC-41BB-AAF5-1C9778111181}.Release|Any CPU.ActiveCfg = Release|Any CPU
		{20EBA0F1-C1BC-41BB-AAF5-1C9778111181}.Release|Any CPU.Build.0 = Release|Any CPU
		{06F3AB64-0640-4DDA-921E-97F2AEED2126}.Debug|Any CPU.ActiveCfg = Debug|Any CPU
		{06F3AB64-0640-4DDA-921E-97F2AEED2126}.Debug|Any CPU.Build.0 = Debug|Any CPU
		{06F3AB64-0640-4DDA-921E-97F2AEED2126}.Release|Any CPU.ActiveCfg = Release|Any CPU
		{06F3AB64-0640-4DDA-921E-97F2AEED2126}.Release|Any CPU.Build.0 = Release|Any CPU
	EndGlobalSection
	GlobalSection(SolutionProperties) = preSolution
		HideSolutionNode = FALSE
	EndGlobalSection
	GlobalSection(ExtensibilityGlobals) = postSolution
		SolutionGuid = {E6479AB4-F100-46E5-9E38-0BACA879A964}
	EndGlobalSection
EndGlobal
